// !$*UTF8*$!
{
	archiveVersion = 1;
	classes = {
	};
	objectVersion = 56;
	objects = {

/* Begin PBXBuildFile section */
		EB6E21152931245600BFFA8B /* main.cpp in Sources */ = {isa = PBXBuildFile; fileRef = EB6E21142931245600BFFA8B /* main.cpp */; };
		EB6E211D29329B2200BFFA8B /* hello.cpp in Sources */ = {isa = PBXBuildFile; fileRef = EB6E211C29329B2200BFFA8B /* hello.cpp */; };
		EB6E211F29329D9600BFFA8B /* world.cpp in Sources */ = {isa = PBXBuildFile; fileRef = EB6E211E29329D9600BFFA8B /* world.cpp */; };
		EB6E212129329E1500BFFA8B /* print.cpp in Sources */ = {isa = PBXBuildFile; fileRef = EB6E212029329E1500BFFA8B /* print.cpp */; };
/* End PBXBuildFile section */

/* Begin PBXCopyFilesBuildPhase section */
		EB6E210F2931245600BFFA8B /* CopyFiles */ = {
			isa = PBXCopyFilesBuildPhase;
			buildActionMask = 2147483647;
			dstPath = /usr/share/man/man1/;
			dstSubfolderSpec = 0;
			files = (
			);
			runOnlyForDeploymentPostprocessing = 1;
		};
/* End PBXCopyFilesBuildPhase section */

/* Begin PBXFileReference section */
		EB040197299C180500FF6B0F /* hello.h */ = {isa = PBXFileReference; lastKnownFileType = sourcecode.c.h; path = hello.h; sourceTree = "<group>"; };
		EB040198299C181100FF6B0F /* world.h */ = {isa = PBXFileReference; lastKnownFileType = sourcecode.c.h; path = world.h; sourceTree = "<group>"; };
		EB040199299C181B00FF6B0F /* print.h */ = {isa = PBXFileReference; lastKnownFileType = sourcecode.c.h; path = print.h; sourceTree = "<group>"; };
		EB04019C299C21E800FF6B0F /* previous_times.h */ = {isa = PBXFileReference; lastKnownFileType = sourcecode.c.h; path = previous_times.h; sourceTree = "<group>"; };
		EB04019D299C25F500FF6B0F /* header.h */ = {isa = PBXFileReference; lastKnownFileType = sourcecode.c.h; path = header.h; sourceTree = "<group>"; };
		EB0401A2299C498200FF6B0F /* output.txt */ = {isa = PBXFileReference; lastKnownFileType = text; path = output.txt; sourceTree = "<group>"; };
		EB6E21112931245600BFFA8B /* delay_management */ = {isa = PBXFileReference; explicitFileType = "compiled.mach-o.executable"; includeInIndex = 0; path = delay_management; sourceTree = BUILT_PRODUCTS_DIR; };
		EB6E21142931245600BFFA8B /* main.cpp */ = {isa = PBXFileReference; lastKnownFileType = sourcecode.cpp.cpp; path = main.cpp; sourceTree = "<group>"; };
		EB6E211C29329B2200BFFA8B /* hello.cpp */ = {isa = PBXFileReference; lastKnownFileType = sourcecode.cpp.cpp; path = hello.cpp; sourceTree = "<group>"; };
		EB6E211E29329D9600BFFA8B /* world.cpp */ = {isa = PBXFileReference; lastKnownFileType = sourcecode.cpp.cpp; path = world.cpp; sourceTree = "<group>"; };
		EB6E212029329E1500BFFA8B /* print.cpp */ = {isa = PBXFileReference; lastKnownFileType = sourcecode.cpp.cpp; path = print.cpp; sourceTree = "<group>"; };
/* End PBXFileReference section */

/* Begin PBXFrameworksBuildPhase section */
		EB6E210E2931245600BFFA8B /* Frameworks */ = {
			isa = PBXFrameworksBuildPhase;
			buildActionMask = 2147483647;
			files = (
			);
			runOnlyForDeploymentPostprocessing = 0;
		};
/* End PBXFrameworksBuildPhase section */

/* Begin PBXGroup section */
		EB04019E299C28E600FF6B0F /* hello */ = {
			isa = PBXGroup;
			children = (
				EB040197299C180500FF6B0F /* hello.h */,
				EB6E211C29329B2200BFFA8B /* hello.cpp */,
			);
			path = hello;
			sourceTree = "<group>";
		};
		EB04019F299C290500FF6B0F /* world */ = {
			isa = PBXGroup;
			children = (
				EB040198299C181100FF6B0F /* world.h */,
				EB6E211E29329D9600BFFA8B /* world.cpp */,
			);
			path = world;
			sourceTree = "<group>";
		};
		EB0401A0299C291200FF6B0F /* print */ = {
			isa = PBXGroup;
			children = (
				EB040199299C181B00FF6B0F /* print.h */,
				EB6E212029329E1500BFFA8B /* print.cpp */,
			);
			path = print;
			sourceTree = "<group>";
		};
		EB6E21082931245600BFFA8B = {
			isa = PBXGroup;
			children = (
				EB04019C299C21E800FF6B0F /* previous_times.h */,
				EB04019E299C28E600FF6B0F /* hello */,
				EB04019F299C290500FF6B0F /* world */,
				EB0401A0299C291200FF6B0F /* print */,
				EB6E21132931245600BFFA8B /* main */,
				EB6E21122931245600BFFA8B /* Products */,
			);
			sourceTree = "<group>";
		};
		EB6E21122931245600BFFA8B /* Products */ = {
			isa = PBXGroup;
			children = (
				EB6E21112931245600BFFA8B /* delay_management */,
			);
			name = Products;
			sourceTree = "<group>";
		};
		EB6E21132931245600BFFA8B /* main */ = {
			isa = PBXGroup;
			children = (
				EB04019D299C25F500FF6B0F /* header.h */,
				EB6E21142931245600BFFA8B /* main.cpp */,
				EB0401A2299C498200FF6B0F /* output.txt */,
			);
			path = main;
			sourceTree = "<group>";
		};
/* End PBXGroup section */

/* Begin PBXNativeTarget section */
		EB6E21102931245600BFFA8B /* delay_management */ = {
			isa = PBXNativeTarget;
			buildConfigurationList = EB6E21182931245600BFFA8B /* Build configuration list for PBXNativeTarget "delay_management" */;
			buildPhases = (
				EB6E210D2931245600BFFA8B /* Sources */,
				EB6E210E2931245600BFFA8B /* Frameworks */,
				EB6E210F2931245600BFFA8B /* CopyFiles */,
			);
			buildRules = (
			);
			dependencies = (
			);
			name = delay_management;
			productName = test;
			productReference = EB6E21112931245600BFFA8B /* delay_management */;
			productType = "com.apple.product-type.tool";
		};
/* End PBXNativeTarget section */

/* Begin PBXProject section */
		EB6E21092931245600BFFA8B /* Project object */ = {
			isa = PBXProject;
			attributes = {
				BuildIndependentTargetsInParallel = 1;
				LastUpgradeCheck = 1420;
				TargetAttributes = {
					EB6E21102931245600BFFA8B = {
						CreatedOnToolsVersion = 14.1;
					};
				};
			};
			buildConfigurationList = EB6E210C2931245600BFFA8B /* Build configuration list for PBXProject "delay_management" */;
			compatibilityVersion = "Xcode 14.0";
			developmentRegion = en;
			hasScannedForEncodings = 0;
			knownRegions = (
				en,
				Base,
			);
			mainGroup = EB6E21082931245600BFFA8B;
			productRefGroup = EB6E21122931245600BFFA8B /* Products */;
			projectDirPath = "";
			projectRoot = "";
			targets = (
				EB6E21102931245600BFFA8B /* delay_management */,
			);
		};
/* End PBXProject section */

/* Begin PBXSourcesBuildPhase section */
		EB6E210D2931245600BFFA8B /* Sources */ = {
			isa = PBXSourcesBuildPhase;
			buildActionMask = 2147483647;
			files = (
				EB6E211D29329B2200BFFA8B /* hello.cpp in Sources */,
				EB6E211F29329D9600BFFA8B /* world.cpp in Sources */,
				EB6E21152931245600BFFA8B /* main.cpp in Sources */,
				EB6E212129329E1500BFFA8B /* print.cpp in Sources */,
			);
			runOnlyForDeploymentPostprocessing = 0;
		};
/* End PBXSourcesBuildPhase section */

/* Begin XCBuildConfiguration section */
		EB6E21162931245600BFFA8B /* Debug */ = {
			isa = XCBuildConfiguration;
			buildSettings = {
				ALWAYS_SEARCH_USER_PATHS = NO;
				CLANG_ANALYZER_NONNULL = YES;
				CLANG_ANALYZER_NUMBER_OBJECT_CONVERSION = YES_AGGRESSIVE;
				CLANG_CXX_LANGUAGE_STANDARD = "gnu++20";
				CLANG_ENABLE_MODULES = YES;
				CLANG_ENABLE_OBJC_ARC = YES;
				CLANG_ENABLE_OBJC_WEAK = YES;
				CLANG_WARN_BLOCK_CAPTURE_AUTORELEASING = YES;
				CLANG_WARN_BOOL_CONVERSION = YES;
				CLANG_WARN_COMMA = YES;
				CLANG_WARN_CONSTANT_CONVERSION = YES;
				CLANG_WARN_DEPRECATED_OBJC_IMPLEMENTATIONS = YES;
				CLANG_WARN_DIRECT_OBJC_ISA_USAGE = YES_ERROR;
				CLANG_WARN_DOCUMENTATION_COMMENTS = YES;
				CLANG_WARN_EMPTY_BODY = YES;
				CLANG_WARN_ENUM_CONVERSION = YES;
				CLANG_WARN_INFINITE_RECURSION = YES;
				CLANG_WARN_INT_CONVERSION = YES;
				CLANG_WARN_NON_LITERAL_NULL_CONVERSION = YES;
				CLANG_WARN_OBJC_IMPLICIT_RETAIN_SELF = YES;
				CLANG_WARN_OBJC_LITERAL_CONVERSION = YES;
				CLANG_WARN_OBJC_ROOT_CLASS = YES_ERROR;
				CLANG_WARN_QUOTED_INCLUDE_IN_FRAMEWORK_HEADER = YES;
				CLANG_WARN_RANGE_LOOP_ANALYSIS = YES;
				CLANG_WARN_STRICT_PROTOTYPES = YES;
				CLANG_WARN_SUSPICIOUS_MOVE = YES;
				CLANG_WARN_UNGUARDED_AVAILABILITY = YES_AGGRESSIVE;
				CLANG_WARN_UNREACHABLE_CODE = YES;
				CLANG_WARN__DUPLICATE_METHOD_MATCH = YES;
				COPY_PHASE_STRIP = NO;
				DEAD_CODE_STRIPPING = YES;
				DEBUG_INFORMATION_FORMAT = dwarf;
				ENABLE_STRICT_OBJC_MSGSEND = YES;
				ENABLE_TESTABILITY = YES;
				GCC_C_LANGUAGE_STANDARD = gnu11;
				GCC_DYNAMIC_NO_PIC = NO;
				GCC_NO_COMMON_BLOCKS = YES;
				GCC_OPTIMIZATION_LEVEL = 0;
				GCC_PREPROCESSOR_DEFINITIONS = (
					"DEBUG=1",
					"$(inherited)",
				);
				GCC_WARN_64_TO_32_BIT_CONVERSION = YES;
				GCC_WARN_ABOUT_RETURN_TYPE = YES_ERROR;
				GCC_WARN_UNDECLARED_SELECTOR = YES;
				GCC_WARN_UNINITIALIZED_AUTOS = YES_AGGRESSIVE;
				GCC_WARN_UNUSED_FUNCTION = YES;
				GCC_WARN_UNUSED_VARIABLE = YES;
				MACOSX_DEPLOYMENT_TARGET = 13.0;
				MTL_ENABLE_DEBUG_INFO = INCLUDE_SOURCE;
				MTL_FAST_MATH = YES;
				ONLY_ACTIVE_ARCH = YES;
				SDKROOT = macosx;
			};
			name = Debug;
		};
		EB6E21172931245600BFFA8B /* Release */ = {
			isa = XCBuildConfiguration;
			buildSettings = {
				ALWAYS_SEARCH_USER_PATHS = NO;
				CLANG_ANALYZER_NONNULL = YES;
				CLANG_ANALYZER_NUMBER_OBJECT_CONVERSION = YES_AGGRESSIVE;
				CLANG_CXX_LANGUAGE_STANDARD = "gnu++20";
				CLANG_ENABLE_MODULES = YES;
				CLANG_ENABLE_OBJC_ARC = YES;
				CLANG_ENABLE_OBJC_WEAK = YES;
				CLANG_WARN_BLOCK_CAPTURE_AUTORELEASING = YES;
				CLANG_WARN_BOOL_CONVERSION = YES;
				CLANG_WARN_COMMA = YES;
				CLANG_WARN_CONSTANT_CONVERSION = YES;
				CLANG_WARN_DEPRECATED_OBJC_IMPLEMENTATIONS = YES;
				CLANG_WARN_DIRECT_OBJC_ISA_USAGE = YES_ERROR;
				CLANG_WARN_DOCUMENTATION_COMMENTS = YES;
				CLANG_WARN_EMPTY_BODY = YES;
				CLANG_WARN_ENUM_CONVERSION = YES;
				CLANG_WARN_INFINITE_RECURSION = YES;
				CLANG_WARN_INT_CONVERSION = YES;
				CLANG_WARN_NON_LITERAL_NULL_CONVERSION = YES;
				CLANG_WARN_OBJC_IMPLICIT_RETAIN_SELF = YES;
				CLANG_WARN_OBJC_LITERAL_CONVERSION = YES;
				CLANG_WARN_OBJC_ROOT_CLASS = YES_ERROR;
				CLANG_WARN_QUOTED_INCLUDE_IN_FRAMEWORK_HEADER = YES;
				CLANG_WARN_RANGE_LOOP_ANALYSIS = YES;
				CLANG_WARN_STRICT_PROTOTYPES = YES;
				CLANG_WARN_SUSPICIOUS_MOVE = YES;
				CLANG_WARN_UNGUARDED_AVAILABILITY = YES_AGGRESSIVE;
				CLANG_WARN_UNREACHABLE_CODE = YES;
				CLANG_WARN__DUPLICATE_METHOD_MATCH = YES;
				COPY_PHASE_STRIP = NO;
				DEAD_CODE_STRIPPING = YES;
				DEBUG_INFORMATION_FORMAT = "dwarf-with-dsym";
				ENABLE_NS_ASSERTIONS = NO;
				ENABLE_STRICT_OBJC_MSGSEND = YES;
				GCC_C_LANGUAGE_STANDARD = gnu11;
				GCC_NO_COMMON_BLOCKS = YES;
				GCC_WARN_64_TO_32_BIT_CONVERSION = YES;
				GCC_WARN_ABOUT_RETURN_TYPE = YES_ERROR;
				GCC_WARN_UNDECLARED_SELECTOR = YES;
				GCC_WARN_UNINITIALIZED_AUTOS = YES_AGGRESSIVE;
				GCC_WARN_UNUSED_FUNCTION = YES;
				GCC_WARN_UNUSED_VARIABLE = YES;
				MACOSX_DEPLOYMENT_TARGET = 13.0;
				MTL_ENABLE_DEBUG_INFO = NO;
				MTL_FAST_MATH = YES;
				SDKROOT = macosx;
			};
			name = Release;
		};
		EB6E21192931245600BFFA8B /* Debug */ = {
			isa = XCBuildConfiguration;
			buildSettings = {
				CODE_SIGN_IDENTITY = "-";
				CODE_SIGN_STYLE = Automatic;
				DEAD_CODE_STRIPPING = YES;
				PRODUCT_NAME = "$(TARGET_NAME)";
			};
			name = Debug;
		};
		EB6E211A2931245600BFFA8B /* Release */ = {
			isa = XCBuildConfiguration;
			buildSettings = {
				CODE_SIGN_IDENTITY = "-";
				CODE_SIGN_STYLE = Automatic;
				DEAD_CODE_STRIPPING = YES;
				PRODUCT_NAME = "$(TARGET_NAME)";
			};
			name = Release;
		};
/* End XCBuildConfiguration section */

/* Begin XCConfigurationList section */
		EB6E210C2931245600BFFA8B /* Build configuration list for PBXProject "delay_management" */ = {
			isa = XCConfigurationList;
			buildConfigurations = (
				EB6E21162931245600BFFA8B /* Debug */,
				EB6E21172931245600BFFA8B /* Release */,
			);
			defaultConfigurationIsVisible = 0;
			defaultConfigurationName = Release;
		};
		EB6E21182931245600BFFA8B /* Build configuration list for PBXNativeTarget "delay_management" */ = {
			isa = XCConfigurationList;
			buildConfigurations = (
				EB6E21192931245600BFFA8B /* Debug */,
				EB6E211A2931245600BFFA8B /* Release */,
			);
			defaultConfigurationIsVisible = 0;
			defaultConfigurationName = Release;
		};
/* End XCConfigurationList section */
	};
	rootObject = EB6E21092931245600BFFA8B /* Project object */;
}
